
Microsoft Visual Studio Solution File, Format Version 12.00
# Visual Studio 15
VisualStudioVersion = 15.0.28307.106
MinimumVisualStudioVersion = 10.0.40219.1
Project("{FAE04EC0-301F-11D3-BF4B-00C04F79EFBC}") = "BusStations", "BusStations\BusStations.csproj", "{F68E1207-04C5-4FC6-964B-11584EA337B2}"
EndProject
Project("{FAE04EC0-301F-11D3-BF4B-00C04F79EFBC}") = "BusStationsClassLibrary", "BusStationsClassLibrary\BusStationsClassLibrary.csproj", "{DEB069A1-B088-4FD3-8F33-4D0AB1B76024}"
EndProject
Global
	GlobalSection(SolutionConfigurationPlatforms) = preSolution
		Debug|Any CPU = Debug|Any CPU
		Release|Any CPU = Release|Any CPU
	EndGlobalSection
	GlobalSection(ProjectConfigurationPlatforms) = postSolution
		{F68E1207-04C5-4FC6-964B-11584EA337B2}.Debug|Any CPU.ActiveCfg = Debug|Any CPU
		{F68E1207-04C5-4FC6-964B-11584EA337B2}.Debug|Any CPU.Build.0 = Debug|Any CPU
		{F68E1207-04C5-4FC6-964B-11584EA337B2}.Release|Any CPU.ActiveCfg = Release|Any CPU
		{F68E1207-04C5-4FC6-964B-11584EA337B2}.Release|Any CPU.Build.0 = Release|Any CPU
		{DEB069A1-B088-4FD3-8F33-4D0AB1B76024}.Debug|Any CPU.ActiveCfg = Debug|Any CPU
		{DEB069A1-B088-4FD3-8F33-4D0AB1B76024}.Debug|Any CPU.Build.0 = Debug|Any CPU
		{DEB069A1-B088-4FD3-8F33-4D0AB1B76024}.Release|Any CPU.ActiveCfg = Release|Any CPU
		{DEB069A1-B088-4FD3-8F33-4D0AB1B76024}.Release|Any CPU.Build.0 = Release|Any CPU
	EndGlobalSection
	GlobalSection(SolutionProperties) = preSolution
		HideSolutionNode = FALSE
	EndGlobalSection
	GlobalSection(ExtensibilityGlobals) = postSolution
		SolutionGuid = {C8C1F099-52EE-4871-862B-4D9B0C2AB3A9}
	EndGlobalSection
EndGlobal
